
Microsoft Visual Studio Solution File, Format Version 12.00
# Visual Studio 15
VisualStudioVersion = 15.0.26403.7
MinimumVisualStudioVersion = 10.0.40219.1
Project("{FAE04EC0-301F-11D3-BF4B-00C04F79EFBC}") = "RockPaperScissors(KuotM)", "RockPaperScissors(KuotM)\RockPaperScissors(KuotM).csproj", "{7087E15B-EB6E-47CF-A8C5-3F736FF93406}"
EndProject
Global
	GlobalSection(SolutionConfigurationPlatforms) = preSolution
		Debug|Any CPU = Debug|Any CPU
		Release|Any CPU = Release|Any CPU
	EndGlobalSection
	GlobalSection(ProjectConfigurationPlatforms) = postSolution
		{7087E15B-EB6E-47CF-A8C5-3F736FF93406}.Debug|Any CPU.ActiveCfg = Debug|Any CPU
		{7087E15B-EB6E-47CF-A8C5-3F736FF93406}.Debug|Any CPU.Build.0 = Debug|Any CPU
		{7087E15B-EB6E-47CF-A8C5-3F736FF93406}.Release|Any CPU.ActiveCfg = Release|Any CPU
		{7087E15B-EB6E-47CF-A8C5-3F736FF93406}.Release|Any CPU.Build.0 = Release|Any CPU
	EndGlobalSection
	GlobalSection(SolutionProperties) = preSolution
		HideSolutionNode = FALSE
	EndGlobalSection
EndGlobal
